
Microsoft Visual Studio Solution File, Format Version 12.00
# Visual Studio Version 17
VisualStudioVersion = 17.2.32516.85
MinimumVisualStudioVersion = 10.0.40219.1
Project("{FAE04EC0-301F-11D3-BF4B-00C04F79EFBC}") = "EmployeeDetailss.Api", "EmployeeDetailss.Api.csproj", "{89443CD4-ED12-4BA4-992D-5AC0B408A4BF}"
EndProject
Global
	GlobalSection(SolutionConfigurationPlatforms) = preSolution
		Debug|Any CPU = Debug|Any CPU
		Release|Any CPU = Release|Any CPU
	EndGlobalSection
	GlobalSection(ProjectConfigurationPlatforms) = postSolution
		{89443CD4-ED12-4BA4-992D-5AC0B408A4BF}.Debug|Any CPU.ActiveCfg = Debug|Any CPU
		{89443CD4-ED12-4BA4-992D-5AC0B408A4BF}.Debug|Any CPU.Build.0 = Debug|Any CPU
		{89443CD4-ED12-4BA4-992D-5AC0B408A4BF}.Release|Any CPU.ActiveCfg = Release|Any CPU
		{89443CD4-ED12-4BA4-992D-5AC0B408A4BF}.Release|Any CPU.Build.0 = Release|Any CPU
	EndGlobalSection
	GlobalSection(SolutionProperties) = preSolution
		HideSolutionNode = FALSE
	EndGlobalSection
	GlobalSection(ExtensibilityGlobals) = postSolution
		SolutionGuid = {A332D778-29D7-4282-B99F-CA5B25DB93B0}
	EndGlobalSection
EndGlobal
